
Microsoft Visual Studio Solution File, Format Version 12.00
# Visual Studio Version 16
VisualStudioVersion = 16.0.31624.102
MinimumVisualStudioVersion = 10.0.40219.1
Project("{FAE04EC0-301F-11D3-BF4B-00C04F79EFBC}") = "HistProjTemplate", "HistProjTemplate\HistProjTemplate.csproj", "{EA4B4FF0-B3DD-4993-AD32-627675CFD548}"
EndProject
Project("{FAE04EC0-301F-11D3-BF4B-00C04F79EFBC}") = "HistLib", "HistLib\HistLib.csproj", "{9C5D810E-4910-48C6-9757-25C19B9DF055}"
EndProject
Global
	GlobalSection(SolutionConfigurationPlatforms) = preSolution
		Debug|Any CPU = Debug|Any CPU
		Release|Any CPU = Release|Any CPU
	EndGlobalSection
	GlobalSection(ProjectConfigurationPlatforms) = postSolution
		{EA4B4FF0-B3DD-4993-AD32-627675CFD548}.Debug|Any CPU.ActiveCfg = Debug|Any CPU
		{EA4B4FF0-B3DD-4993-AD32-627675CFD548}.Debug|Any CPU.Build.0 = Debug|Any CPU
		{EA4B4FF0-B3DD-4993-AD32-627675CFD548}.Release|Any CPU.ActiveCfg = Release|Any CPU
		{EA4B4FF0-B3DD-4993-AD32-627675CFD548}.Release|Any CPU.Build.0 = Release|Any CPU
		{9C5D810E-4910-48C6-9757-25C19B9DF055}.Debug|Any CPU.ActiveCfg = Debug|Any CPU
		{9C5D810E-4910-48C6-9757-25C19B9DF055}.Debug|Any CPU.Build.0 = Debug|Any CPU
		{9C5D810E-4910-48C6-9757-25C19B9DF055}.Release|Any CPU.ActiveCfg = Release|Any CPU
		{9C5D810E-4910-48C6-9757-25C19B9DF055}.Release|Any CPU.Build.0 = Release|Any CPU
	EndGlobalSection
	GlobalSection(SolutionProperties) = preSolution
		HideSolutionNode = FALSE
	EndGlobalSection
	GlobalSection(ExtensibilityGlobals) = postSolution
		SolutionGuid = {F5BC6648-704B-4E97-8B77-08911A58733F}
	EndGlobalSection
EndGlobal
